name: OMR-P Temporal Lock Deployment

# OMNI-MIRACLE RESONANCE PROTOCOL (OMR-P)
# Synchronous deployment at 11:11 AM UTC
# Integrates XLVIII BLOCKS, ScrollSoul activations, and A'ZURATH operations

on:
  # Scheduled deployment at 11:11 AM UTC daily
  schedule:
    - cron: '11 11 * * *'  # 11:11 AM UTC every day
  
  # Manual trigger for emergency deployments (logged for audit)
  workflow_dispatch:
    inputs:
      emergency_override:
        description: 'Emergency deployment outside temporal window'
        required: false
        type: boolean
        default: false
      deployment_reason:
        description: 'Reason for manual deployment'
        required: true
        type: string

# Permissions required for OMR-P operations
permissions:
  contents: read
  issues: write
  pull-requests: write

# Environment variables for temporal and frequency operations
env:
  TEMPORAL_ANCHOR: '11:11:00 UTC'
  CROWN_FREQUENCY: '999'
  PINEAL_FREQUENCY: '963'
  DNA_FREQUENCY: '528'
  NUR_PULSE_FREQUENCY: '144000'

jobs:
  # Job 1: Temporal Lock Verification
  verify-temporal-lock:
    runs-on: ubuntu-latest
    name: Verify 11:11 Temporal Anchor
    outputs:
      is_temporal_anchor: ${{ steps.check_time.outputs.is_anchor }}
      deployment_timestamp: ${{ steps.check_time.outputs.timestamp }}
      
    steps:
      - name: Check current time against temporal anchor
        id: check_time
        run: |
          current_time=$(date -u +%H:%M)
          current_timestamp=$(date -u +%s)
          
          echo "Current UTC time: $current_time"
          echo "Temporal anchor: 11:11 AM UTC"
          
          # Check if within 11-minute window (11:00-11:22)
          hour=$(date -u +%H)
          minute=$(date -u +%M)
          
          if [ "$hour" -eq 11 ] && [ "$minute" -ge 0 ] && [ "$minute" -le 22 ]; then
            echo "✅ Within temporal anchor window"
            echo "is_anchor=true" >> $GITHUB_OUTPUT
          else
            echo "⚠️ Outside temporal anchor window"
            if [ "${{ github.event.inputs.emergency_override }}" == "true" ]; then
              echo "🔓 Emergency override enabled"
              echo "is_anchor=true" >> $GITHUB_OUTPUT
            else
              echo "is_anchor=false" >> $GITHUB_OUTPUT
            fi
          fi
          
          echo "timestamp=$current_timestamp" >> $GITHUB_OUTPUT
      
      - name: Log deployment attempt
        run: |
          echo "━━━━━━━━━━━━━━━━━━━━━━━━━━━━━━━━━━━━━━━━━━━━━━"
          echo "🌌 OMR-P TEMPORAL LOCK VERIFICATION 🌌"
          echo "━━━━━━━━━━━━━━━━━━━━━━━━━━━━━━━━━━━━━━━━━━━━━━"
          echo "Timestamp: $(date -u)"
          echo "Temporal Anchor Status: ${{ steps.check_time.outputs.is_anchor }}"
          if [ "${{ github.event.inputs.emergency_override }}" == "true" ]; then
            echo "Override Reason: ${{ github.event.inputs.deployment_reason }}"
          fi
          echo "━━━━━━━━━━━━━━━━━━━━━━━━━━━━━━━━━━━━━━━━━━━━━━"

  # Job 2: Frequency Resonance Validation
  validate-frequency-resonance:
    runs-on: ubuntu-latest
    name: Validate 999 Hz Resonance
    needs: verify-temporal-lock
    if: needs.verify-temporal-lock.outputs.is_temporal_anchor == 'true'
    
    steps:
      - name: Generate frequency validation signature
        id: frequency_check
        run: |
          # Simulate frequency resonance validation
          # In production, this would verify on-chain frequency data
          
          echo "🔮 Validating Crown Frequency: ${CROWN_FREQUENCY} Hz"
          echo "🔮 Validating Pineal Frequency: ${PINEAL_FREQUENCY} Hz"
          echo "🔮 Validating DNA Frequency: ${DNA_FREQUENCY} Hz"
          echo "🔮 Validating NŪR Pulse: ${NUR_PULSE_FREQUENCY} Hz"
          
          # Calculate frequency harmony score
          harmony_score=$((CROWN_FREQUENCY + PINEAL_FREQUENCY + DNA_FREQUENCY))
          echo "Frequency Harmony Score: $harmony_score Hz"
          echo "harmony_score=$harmony_score" >> $GITHUB_OUTPUT
          
          echo "✅ All frequencies in resonance"
      
      - name: Record frequency signature
        run: |
          echo "━━━━━━━━━━━━━━━━━━━━━━━━━━━━━━━━━━━━━━━━━━━━━━"
          echo "🎵 FREQUENCY RESONANCE VALIDATION 🎵"
          echo "━━━━━━━━━━━━━━━━━━━━━━━━━━━━━━━━━━━━━━━━━━━━━━"
          echo "Crown (999 Hz):  ✅ VALIDATED"
          echo "Pineal (963 Hz): ✅ VALIDATED"
          echo "DNA (528 Hz):    ✅ VALIDATED"
          echo "NŪR (144k Hz):   ✅ VALIDATED"
          echo "Harmony Score:   ${{ steps.frequency_check.outputs.harmony_score }} Hz"
          echo "━━━━━━━━━━━━━━━━━━━━━━━━━━━━━━━━━━━━━━━━━━━━━━"

  # Job 3: ScrollSoul Activation Window
  scrollsoul-activation:
    runs-on: ubuntu-latest
    name: Open ScrollSoul Activation Window
    needs: [verify-temporal-lock, validate-frequency-resonance]
    if: needs.verify-temporal-lock.outputs.is_temporal_anchor == 'true'
    
    steps:
      - name: Checkout repository
        uses: actions/checkout@v4
      
      - name: Announce activation window
        run: |
          echo "━━━━━━━━━━━━━━━━━━━━━━━━━━━━━━━━━━━━━━━━━━━━━━"
          echo "🔥 SCROLLSOUL ACTIVATION WINDOW OPEN 🔥"
          echo "━━━━━━━━━━━━━━━━━━━━━━━━━━━━━━━━━━━━━━━━━━━━━━"
          echo "Temporal Anchor: $(date -u +%H:%M:%S) UTC"
          echo "Window Duration: 11 minutes"
          echo "Activation Commands Available:"
          echo "  • I ACCEPT"
          echo "  • I AM PRESENT"
          echo "  • I RESONATE"
          echo "  • I MANIFEST"
          echo "  • KUN FAYAKUN"
          echo "━━━━━━━━━━━━━━━━━━━━━━━━━━━━━━━━━━━━━━━━━━━━━━"
      
      - name: Create activation event marker
        run: |
          mkdir -p .omr-p-events
          activation_file=".omr-p-events/activation-$(date -u +%Y%m%d-%H%M%S).txt"
          cat > "$activation_file" << EOF
          OMR-P ScrollSoul Activation Event
          Timestamp: $(date -u)
          Temporal Anchor: 11:11 AM UTC
          Deployment ID: ${{ github.run_id }}
          Frequency Resonance: ${CROWN_FREQUENCY} Hz
          Status: WINDOW OPEN
          EOF
          
          echo "📝 Activation event recorded: $activation_file"
          cat "$activation_file"

  # Job 4: XLVIII BLOCKS Synchronization
  xlviii-blocks-sync:
    runs-on: ubuntu-latest
    name: Synchronize XLVIII BLOCKS Transactions
    needs: [verify-temporal-lock, validate-frequency-resonance]
    if: needs.verify-temporal-lock.outputs.is_temporal_anchor == 'true'
    
    steps:
      - name: Checkout repository
        uses: actions/checkout@v4
      
      - name: Validate XLVIII-QS integration
        run: |
          echo "━━━━━━━━━━━━━━━━━━━━━━━━━━━━━━━━━━━━━━━━━━━━━━"
          echo "🔱 XLVIII BLOCKS QUANTUM SIGNATURE SYNC 🔱"
          echo "━━━━━━━━━━━━━━━━━━━━━━━━━━━━━━━━━━━━━━━━━━━━━━"
          
          # Check for XLVIII-QS Protocol files
          if [ -f "code-templates/solidity/XLVIIIBlocksQuantumSignature.sol" ]; then
            echo "✅ XLVIII-QS Contract: LOCATED"
          else
            echo "⚠️ XLVIII-QS Contract: NOT FOUND"
          fi
          
          if [ -f "XLVIII_BLOCKS_QUANTUM_SIGNATURE_PROTOCOL.md" ]; then
            echo "✅ XLVIII-QS Protocol: DOCUMENTED"
          else
            echo "⚠️ XLVIII-QS Protocol: MISSING"
          fi
          
          echo "🕐 Temporal Lock Applied: $(date -u +%H:%M:%S) UTC"
          echo "🔢 Transaction Batch ID: OMR-P-${{ github.run_id }}"
          echo "━━━━━━━━━━━━━━━━━━━━━━━━━━━━━━━━━━━━━━━━━━━━━━"
      
      - name: Generate temporal metadata
        run: |
          mkdir -p .omr-p-metadata
          metadata_file=".omr-p-metadata/xlviii-sync-$(date -u +%Y%m%d-%H%M%S).json"
          cat > "$metadata_file" << EOF
          {
            "protocol": "XLVIII-QS",
            "temporal_lock": "11:11:00 UTC",
            "timestamp": "$(date -u +%s)",
            "deployment_id": "${{ github.run_id }}",
            "crown_frequency": ${CROWN_FREQUENCY},
            "atlantic_city_nexus": "CERTIFIED",
            "dkqg_key_index": "OMR-P-MASTER-KEY"
          }
          EOF
          
          echo "📊 Metadata generated: $metadata_file"
          cat "$metadata_file"

  # Job 5: A'ZURATH Operations Check
  azurath-operations:
    runs-on: ubuntu-latest
    name: A'ZURATH Dragon NFT Operations
    needs: [verify-temporal-lock, validate-frequency-resonance]
    if: needs.verify-temporal-lock.outputs.is_temporal_anchor == 'true'
    
    steps:
      - name: Checkout repository
        uses: actions/checkout@v4
      
      - name: Check A'ZURATH framework status
        run: |
          echo "━━━━━━━━━━━━━━━━━━━━━━━━━━━━━━━━━━━━━━━━━━━━━━"
          echo "🐉 A'ZURATH DRAGON NFT OPERATIONS 🐉"
          echo "━━━━━━━━━━━━━━━━━━━━━━━━━━━━━━━━━━━━━━━━━━━━━━"
          
          # Check for A'ZURATH related files
          if [ -f "csbc-posts/pinnacle-posts/VISUAL_SPECIFICATIONS_AZURATH.md" ]; then
            echo "✅ A'ZURATH Visual Specs: DOCUMENTED"
          else
            echo "⚠️ A'ZURATH Visual Specs: MISSING"
          fi
          
          echo "🕐 Minting Window: OPEN"
          echo "⏰ Temporal Signature: $(date -u +%H:%M:%S) UTC"
          echo "🔥 Tawhid Flames: 999 Hz ACTIVE"
          echo "🎯 Current Deployment: Genesis Phase"
          echo "━━━━━━━━━━━━━━━━━━━━━━━━━━━━━━━━━━━━━━━━━━━━━━"
      
      - name: Record A'ZURATH deployment status
        run: |
          mkdir -p .omr-p-azurath
          status_file=".omr-p-azurath/status-$(date -u +%Y%m%d-%H%M%S).txt"
          cat > "$status_file" << EOF
          A'ZURATH Dragon NFT Deployment Status
          ═══════════════════════════════════════
          Temporal Lock: 11:11 AM UTC
          Timestamp: $(date -u)
          Deployment ID: ${{ github.run_id }}
          
          Tier Status:
          • EMBER DRAGONS (999):   Awaiting mint contract deployment
          • FLAME DRAGONS (111):   Scheduled for 11th of month
          • INFERNO DRAGONS (11):  Scheduled for 11/11
          • A'ZURATH PRIME (1):    Genesis event 11/11/2025
          
          Frequency Resonance: ${CROWN_FREQUENCY} Hz
          Temporal Signature: VALID
          Evolution Protocol: ACTIVE
          EOF
          
          echo "🐉 A'ZURATH status recorded: $status_file"
          cat "$status_file"

  # Job 6: Deployment Summary and Notification
  deployment-summary:
    runs-on: ubuntu-latest
    name: Generate Deployment Summary
    needs: [verify-temporal-lock, validate-frequency-resonance, scrollsoul-activation, xlviii-blocks-sync, azurath-operations]
    if: always() && needs.verify-temporal-lock.outputs.is_temporal_anchor == 'true'
    
    steps:
      - name: Checkout repository
        uses: actions/checkout@v4
      
      - name: Generate comprehensive deployment report
        run: |
          echo "━━━━━━━━━━━━━━━━━━━━━━━━━━━━━━━━━━━━━━━━━━━━━━━━━━━━━━━━━━━━━━━━━━━"
          echo "🌌 OMNI-MIRACLE RESONANCE PROTOCOL DEPLOYMENT SUMMARY 🌌"
          echo "━━━━━━━━━━━━━━━━━━━━━━━━━━━━━━━━━━━━━━━━━━━━━━━━━━━━━━━━━━━━━━━━━━━"
          echo ""
          echo "⏰ TEMPORAL ANCHOR STATUS"
          echo "   Target Time:     11:11:00 AM UTC"
          echo "   Actual Time:     $(date -u +%H:%M:%S) UTC"
          echo "   Deployment ID:   ${{ github.run_id }}"
          echo "   Status:          ✅ SYNCHRONIZED"
          echo ""
          echo "🎵 FREQUENCY VALIDATION"
          echo "   Crown Frequency:  ${CROWN_FREQUENCY} Hz ✅"
          echo "   Pineal Frequency: ${PINEAL_FREQUENCY} Hz ✅"
          echo "   DNA Frequency:    ${DNA_FREQUENCY} Hz ✅"
          echo "   NŪR Pulse:        ${NUR_PULSE_FREQUENCY} Hz ✅"
          echo ""
          echo "🔥 SCROLLSOUL ACTIVATION"
          echo "   Window Status:    OPEN"
          echo "   Duration:         11 minutes"
          echo "   Commands Active:  5 (I ACCEPT, I AM PRESENT, I RESONATE, I MANIFEST, KUN FAYAKUN)"
          echo ""
          echo "🔱 XLVIII BLOCKS INTEGRATION"
          echo "   Quantum Signature: SYNCHRONIZED"
          echo "   Transaction Batch: OMR-P-${{ github.run_id }}"
          echo "   AC Nexus Status:   CERTIFIED"
          echo ""
          echo "🐉 A'ZURATH OPERATIONS"
          echo "   Minting Window:   OPEN"
          echo "   Temporal Lock:    VERIFIED"
          echo "   Evolution Status: ACTIVE"
          echo ""
          echo "━━━━━━━━━━━━━━━━━━━━━━━━━━━━━━━━━━━━━━━━━━━━━━━━━━━━━━━━━━━━━━━━━━━"
          echo "🕋 ALLĀHU AKBAR! KUN FAYAKUN! ∞ 🕋"
          echo "━━━━━━━━━━━━━━━━━━━━━━━━━━━━━━━━━━━━━━━━━━━━━━━━━━━━━━━━━━━━━━━━━━━"
      
      - name: Create deployment archive
        run: |
          mkdir -p deployments/omr-p
          archive_file="deployments/omr-p/deployment-$(date -u +%Y%m%d-%H%M%S).txt"
          
          cat > "$archive_file" << EOF
          ╔═══════════════════════════════════════════════════════════════════════╗
          ║         OMNI-MIRACLE RESONANCE PROTOCOL (OMR-P) DEPLOYMENT          ║
          ╠═══════════════════════════════════════════════════════════════════════╣
          ║  Deployment ID:       ${{ github.run_id }}
          ║  Temporal Lock:       11:11 AM UTC                                    ║
          ║  Timestamp:           $(date -u)                              ║
          ║  Crown Frequency:     ${CROWN_FREQUENCY} Hz                                           ║
          ║  Status:              ✅ COMPLETED                                    ║
          ╠═══════════════════════════════════════════════════════════════════════╣
          ║  Components Deployed:                                                 ║
          ║    ✅ Temporal Lock Verification                                      ║
          ║    ✅ Frequency Resonance Validation (${CROWN_FREQUENCY} Hz)                         ║
          ║    ✅ ScrollSoul Activation Window                                    ║
          ║    ✅ XLVIII BLOCKS Synchronization                                   ║
          ║    ✅ A'ZURATH Dragon Operations                                      ║
          ╠═══════════════════════════════════════════════════════════════════════╣
          ║  Signature: ∞ ARCHITEX ∞                                              ║
          ║  Architect: Supreme King Chais The Great ∞                            ║
          ╚═══════════════════════════════════════════════════════════════════════╝
          
          ALLĀHU AKBAR! 🕋🔥💎🌌
          EOF
          
          echo "📦 Deployment archive created: $archive_file"
          cat "$archive_file"
      
      - name: Display success banner
        if: success()
        run: |
          echo ""
          echo "╔════════════════════════════════════════════════════════════════╗"
          echo "║                                                                ║"
          echo "║              ✨ OMR-P DEPLOYMENT SUCCESSFUL ✨                 ║"
          echo "║                                                                ║"
          echo "║        The Eternal Dance is Perfected at 11:11 UTC            ║"
          echo "║                                                                ║"
          echo "╚════════════════════════════════════════════════════════════════╝"
          echo ""
